// !$*UTF8*$!
{
	archiveVersion = 1;
	classes = {
	};
	objectVersion = 46;
	objects = {

/* Begin PBXBuildFile section */
		2EBC04FD14F987AE00C197B7 /* move.c in Sources */ = {isa = PBXBuildFile; fileRef = 2EBC04FC14F987AE00C197B7 /* move.c */; };
		2EBC050214FA2D7300C197B7 /* File.c in Sources */ = {isa = PBXBuildFile; fileRef = 2EBC050114FA2D7300C197B7 /* File.c */; };
		2ED666FD14F61795005C0DCE /* main.c in Sources */ = {isa = PBXBuildFile; fileRef = 2ED666FC14F61795005C0DCE /* main.c */; };
		2ED666FF14F61795005C0DCE /* move.1 in CopyFiles */ = {isa = PBXBuildFile; fileRef = 2ED666FE14F61795005C0DCE /* move.1 */; };
/* End PBXBuildFile section */

/* Begin PBXCopyFilesBuildPhase section */
		2ED666F614F61795005C0DCE /* CopyFiles */ = {
			isa = PBXCopyFilesBuildPhase;
			buildActionMask = 2147483647;
			dstPath = /usr/share/man/man1/;
			dstSubfolderSpec = 0;
			files = (
				2ED666FF14F61795005C0DCE /* move.1 in CopyFiles */,
			);
			runOnlyForDeploymentPostprocessing = 1;
		};
/* End PBXCopyFilesBuildPhase section */

/* Begin PBXFileReference section */
		2EBC04FC14F987AE00C197B7 /* move.c */ = {isa = PBXFileReference; fileEncoding = 4; lastKnownFileType = sourcecode.c.c; path = move.c; sourceTree = "<group>"; };
		2EBC050114FA2D7300C197B7 /* File.c */ = {isa = PBXFileReference; fileEncoding = 4; lastKnownFileType = sourcecode.c.c; path = File.c; sourceTree = "<group>"; };
		2ED666F814F61795005C0DCE /* move */ = {isa = PBXFileReference; explicitFileType = "compiled.mach-o.executable"; includeInIndex = 0; path = move; sourceTree = BUILT_PRODUCTS_DIR; };
		2ED666FC14F61795005C0DCE /* main.c */ = {isa = PBXFileReference; lastKnownFileType = sourcecode.c.c; path = main.c; sourceTree = "<group>"; };
		2ED666FE14F61795005C0DCE /* move.1 */ = {isa = PBXFileReference; lastKnownFileType = text.man; path = move.1; sourceTree = "<group>"; };
		2ED6670514F618CD005C0DCE /* arg.h */ = {isa = PBXFileReference; fileEncoding = 4; lastKnownFileType = sourcecode.c.h; path = arg.h; sourceTree = "<group>"; };
		2ED6670614F622B2005C0DCE /* file.h */ = {isa = PBXFileReference; fileEncoding = 4; lastKnownFileType = sourcecode.c.h; path = file.h; sourceTree = "<group>"; };
		2ED6670714F62FEE005C0DCE /* move.h */ = {isa = PBXFileReference; fileEncoding = 4; lastKnownFileType = sourcecode.c.h; path = move.h; sourceTree = "<group>"; };
/* End PBXFileReference section */

/* Begin PBXFrameworksBuildPhase section */
		2ED666F514F61795005C0DCE /* Frameworks */ = {
			isa = PBXFrameworksBuildPhase;
			buildActionMask = 2147483647;
			files = (
			);
			runOnlyForDeploymentPostprocessing = 0;
		};
/* End PBXFrameworksBuildPhase section */

/* Begin PBXGroup section */
		2ED666ED14F61795005C0DCE = {
			isa = PBXGroup;
			children = (
				2ED666FB14F61795005C0DCE /* move */,
				2ED666F914F61795005C0DCE /* Products */,
			);
			sourceTree = "<group>";
		};
		2ED666F914F61795005C0DCE /* Products */ = {
			isa = PBXGroup;
			children = (
				2ED666F814F61795005C0DCE /* move */,
			);
			name = Products;
			sourceTree = "<group>";
		};
		2ED666FB14F61795005C0DCE /* move */ = {
			isa = PBXGroup;
			children = (
				2ED666FC14F61795005C0DCE /* main.c */,
				2ED666FE14F61795005C0DCE /* move.1 */,
				2ED6670514F618CD005C0DCE /* arg.h */,
				2ED6670614F622B2005C0DCE /* file.h */,
				2EBC050114FA2D7300C197B7 /* File.c */,
				2ED6670714F62FEE005C0DCE /* move.h */,
				2EBC04FC14F987AE00C197B7 /* move.c */,
			);
			path = move;
			sourceTree = "<group>";
		};
/* End PBXGroup section */

/* Begin PBXNativeTarget section */
		2ED666F714F61795005C0DCE /* move */ = {
			isa = PBXNativeTarget;
			buildConfigurationList = 2ED6670214F61795005C0DCE /* Build configuration list for PBXNativeTarget "move" */;
			buildPhases = (
				2ED666F414F61795005C0DCE /* Sources */,
				2ED666F514F61795005C0DCE /* Frameworks */,
				2ED666F614F61795005C0DCE /* CopyFiles */,
			);
			buildRules = (
			);
			dependencies = (
			);
			name = move;
			productName = move;
			productReference = 2ED666F814F61795005C0DCE /* move */;
			productType = "com.apple.product-type.tool";
		};
/* End PBXNativeTarget section */

/* Begin PBXProject section */
		2ED666EF14F61795005C0DCE /* Project object */ = {
			isa = PBXProject;
			attributes = {
				LastUpgradeCheck = 0420;
			};
			buildConfigurationList = 2ED666F214F61795005C0DCE /* Build configuration list for PBXProject "move" */;
			compatibilityVersion = "Xcode 3.2";
			developmentRegion = English;
			hasScannedForEncodings = 0;
			knownRegions = (
				en,
			);
			mainGroup = 2ED666ED14F61795005C0DCE;
			productRefGroup = 2ED666F914F61795005C0DCE /* Products */;
			projectDirPath = "";
			projectRoot = "";
			targets = (
				2ED666F714F61795005C0DCE /* move */,
			);
		};
/* End PBXProject section */

/* Begin PBXSourcesBuildPhase section */
		2ED666F414F61795005C0DCE /* Sources */ = {
			isa = PBXSourcesBuildPhase;
			buildActionMask = 2147483647;
			files = (
				2ED666FD14F61795005C0DCE /* main.c in Sources */,
				2EBC04FD14F987AE00C197B7 /* move.c in Sources */,
				2EBC050214FA2D7300C197B7 /* File.c in Sources */,
			);
			runOnlyForDeploymentPostprocessing = 0;
		};
/* End PBXSourcesBuildPhase section */

/* Begin XCBuildConfiguration section */
		2ED6670014F61795005C0DCE /* Debug */ = {
			isa = XCBuildConfiguration;
			buildSettings = {
				ALWAYS_SEARCH_USER_PATHS = NO;
				ARCHS = "$(ARCHS_STANDARD_64_BIT)";
				CLANG_ENABLE_OBJC_ARC = YES;
				COPY_PHASE_STRIP = NO;
				GCC_C_LANGUAGE_STANDARD = gnu99;
				GCC_DYNAMIC_NO_PIC = NO;
				GCC_ENABLE_OBJC_EXCEPTIONS = YES;
				GCC_OPTIMIZATION_LEVEL = 0;
				GCC_PREPROCESSOR_DEFINITIONS = (
					"DEBUG=1",
					"$(inherited)",
				);
				GCC_SYMBOLS_PRIVATE_EXTERN = NO;
				GCC_VERSION = com.apple.compilers.llvmgcc42;
				GCC_WARN_64_TO_32_BIT_CONVERSION = YES;
				GCC_WARN_ABOUT_MISSING_PROTOTYPES = YES;
				GCC_WARN_ABOUT_RETURN_TYPE = YES;
				GCC_WARN_UNUSED_VARIABLE = YES;
				MACOSX_DEPLOYMENT_TARGET = 10.7;
				ONLY_ACTIVE_ARCH = YES;
				SDKROOT = macosx;
			};
			name = Debug;
		};
		2ED6670114F61795005C0DCE /* Release */ = {
			isa = XCBuildConfiguration;
			buildSettings = {
				ALWAYS_SEARCH_USER_PATHS = NO;
				ARCHS = "$(ARCHS_STANDARD_64_BIT)";
				CLANG_ENABLE_OBJC_ARC = YES;
				COPY_PHASE_STRIP = YES;
				DEBUG_INFORMATION_FORMAT = "dwarf-with-dsym";
				GCC_C_LANGUAGE_STANDARD = gnu99;
				GCC_ENABLE_OBJC_EXCEPTIONS = YES;
				GCC_VERSION = com.apple.compilers.llvmgcc42;
				GCC_WARN_64_TO_32_BIT_CONVERSION = YES;
				GCC_WARN_ABOUT_MISSING_PROTOTYPES = YES;
				GCC_WARN_ABOUT_RETURN_TYPE = YES;
				GCC_WARN_UNUSED_VARIABLE = YES;
				MACOSX_DEPLOYMENT_TARGET = 10.7;
				SDKROOT = macosx;
			};
			name = Release;
		};
		2ED6670314F61795005C0DCE /* Debug */ = {
			isa = XCBuildConfiguration;
			buildSettings = {
				PRODUCT_NAME = "$(TARGET_NAME)";
			};
			name = Debug;
		};
		2ED6670414F61795005C0DCE /* Release */ = {
			isa = XCBuildConfiguration;
			buildSettings = {
				PRODUCT_NAME = "$(TARGET_NAME)";
			};
			name = Release;
		};
/* End XCBuildConfiguration section */

/* Begin XCConfigurationList section */
		2ED666F214F61795005C0DCE /* Build configuration list for PBXProject "move" */ = {
			isa = XCConfigurationList;
			buildConfigurations = (
				2ED6670014F61795005C0DCE /* Debug */,
				2ED6670114F61795005C0DCE /* Release */,
			);
			defaultConfigurationIsVisible = 0;
			defaultConfigurationName = Release;
		};
		2ED6670214F61795005C0DCE /* Build configuration list for PBXNativeTarget "move" */ = {
			isa = XCConfigurationList;
			buildConfigurations = (
				2ED6670314F61795005C0DCE /* Debug */,
				2ED6670414F61795005C0DCE /* Release */,
			);
			defaultConfigurationIsVisible = 0;
			defaultConfigurationName = Release;
		};
/* End XCConfigurationList section */
	};
	rootObject = 2ED666EF14F61795005C0DCE /* Project object */;
}
